
Microsoft Visual Studio Solution File, Format Version 12.00
Project("{F2A71F9B-5D33-465A-A702-920D77279786}") = "Book-A-Desk.Domain", "Book-A-Desk.Domain\Book-A-Desk.Domain.fsproj", "{A261E890-AD94-4A17-A321-229D5BF5BB5D}"
EndProject
Project("{2150E333-8FDC-42A3-9474-1A3956D46DE8}") = ".circleci", ".circleci", "{43A6506C-C939-4F4D-A124-DA09B7CD1219}"
ProjectSection(SolutionItems) = preProject
	.circleci\config.yml = .circleci\config.yml
EndProjectSection
EndProject
Project("{F2A71F9B-5D33-465A-A702-920D77279786}") = "Book-A-Desk.Api", "Book-A-Desk.Api\Book-A-Desk.Api.fsproj", "{CFA94DBA-D223-4B69-ACE5-546FB651194A}"
EndProject
Project("{F2A71F9B-5D33-465A-A702-920D77279786}") = "Book-A-Desk.Api.Tests", "Book-A-Desk.Api.Tests\Book-A-Desk.Api.Tests.fsproj", "{3639567E-6C3C-4D2C-B949-6CA92370E51B}"
EndProject
Global
	GlobalSection(SolutionConfigurationPlatforms) = preSolution
		Debug|Any CPU = Debug|Any CPU
		Release|Any CPU = Release|Any CPU
	EndGlobalSection
	GlobalSection(ProjectConfigurationPlatforms) = postSolution
		{A261E890-AD94-4A17-A321-229D5BF5BB5D}.Debug|Any CPU.ActiveCfg = Debug|Any CPU
		{A261E890-AD94-4A17-A321-229D5BF5BB5D}.Debug|Any CPU.Build.0 = Debug|Any CPU
		{A261E890-AD94-4A17-A321-229D5BF5BB5D}.Release|Any CPU.ActiveCfg = Release|Any CPU
		{A261E890-AD94-4A17-A321-229D5BF5BB5D}.Release|Any CPU.Build.0 = Release|Any CPU
		{CFA94DBA-D223-4B69-ACE5-546FB651194A}.Debug|Any CPU.ActiveCfg = Debug|Any CPU
		{CFA94DBA-D223-4B69-ACE5-546FB651194A}.Debug|Any CPU.Build.0 = Debug|Any CPU
		{CFA94DBA-D223-4B69-ACE5-546FB651194A}.Release|Any CPU.ActiveCfg = Release|Any CPU
		{CFA94DBA-D223-4B69-ACE5-546FB651194A}.Release|Any CPU.Build.0 = Release|Any CPU
		{3639567E-6C3C-4D2C-B949-6CA92370E51B}.Debug|Any CPU.ActiveCfg = Debug|Any CPU
		{3639567E-6C3C-4D2C-B949-6CA92370E51B}.Debug|Any CPU.Build.0 = Debug|Any CPU
		{3639567E-6C3C-4D2C-B949-6CA92370E51B}.Release|Any CPU.ActiveCfg = Release|Any CPU
		{3639567E-6C3C-4D2C-B949-6CA92370E51B}.Release|Any CPU.Build.0 = Release|Any CPU
	EndGlobalSection
EndGlobal
